
Microsoft Visual Studio Solution File, Format Version 11.00
# Visual Studio 2010
Project("{8BC9CEB8-8B4A-11D0-8D11-00A0C91BC942}") = "Game", "Game\Game.vcxproj", "{28B3A1B0-4640-4707-9F6F-E326C6B18199}"
	ProjectSection(ProjectDependencies) = postProject
		{3CD0723B-34DE-4591-9252-74606FC3CE5C} = {3CD0723B-34DE-4591-9252-74606FC3CE5C}
		{058E8870-4464-4FF2-98FC-4E24053402F5} = {058E8870-4464-4FF2-98FC-4E24053402F5}
		{F46BFC96-B12F-40DF-8F4F-BA3068168BDC} = {F46BFC96-B12F-40DF-8F4F-BA3068168BDC}
		{994C58BD-9E62-4403-9ABF-5729C5D8BA97} = {994C58BD-9E62-4403-9ABF-5729C5D8BA97}
		{DC24C0F3-1BCD-48C3-88AD-3AA84EB4333E} = {DC24C0F3-1BCD-48C3-88AD-3AA84EB4333E}
	EndProjectSection
EndProject
Project("{8BC9CEB8-8B4A-11D0-8D11-00A0C91BC942}") = "ATHUtil", "ATHUtil\ATHUtil.vcxproj", "{3CD0723B-34DE-4591-9252-74606FC3CE5C}"
EndProject
Project("{8BC9CEB8-8B4A-11D0-8D11-00A0C91BC942}") = "ATHRenderer", "ATHRenderer\ATHRenderer.vcxproj", "{994C58BD-9E62-4403-9ABF-5729C5D8BA97}"
	ProjectSection(ProjectDependencies) = postProject
		{F46BFC96-B12F-40DF-8F4F-BA3068168BDC} = {F46BFC96-B12F-40DF-8F4F-BA3068168BDC}
	EndProjectSection
EndProject
Project("{8BC9CEB8-8B4A-11D0-8D11-00A0C91BC942}") = "Box2D", "Box2D\Box2D.vcxproj", "{F46BFC96-B12F-40DF-8F4F-BA3068168BDC}"
	ProjectSection(ProjectDependencies) = postProject
		{3CD0723B-34DE-4591-9252-74606FC3CE5C} = {3CD0723B-34DE-4591-9252-74606FC3CE5C}
	EndProjectSection
EndProject
Project("{8BC9CEB8-8B4A-11D0-8D11-00A0C91BC942}") = "Objects", "Objects\Objects.vcxproj", "{058E8870-4464-4FF2-98FC-4E24053402F5}"
	ProjectSection(ProjectDependencies) = postProject
		{3CD0723B-34DE-4591-9252-74606FC3CE5C} = {3CD0723B-34DE-4591-9252-74606FC3CE5C}
		{F46BFC96-B12F-40DF-8F4F-BA3068168BDC} = {F46BFC96-B12F-40DF-8F4F-BA3068168BDC}
		{994C58BD-9E62-4403-9ABF-5729C5D8BA97} = {994C58BD-9E62-4403-9ABF-5729C5D8BA97}
	EndProjectSection
EndProject
Project("{8BC9CEB8-8B4A-11D0-8D11-00A0C91BC942}") = "ATHScriptManager", "ATHScriptLoader\ATHScriptLoader.vcxproj", "{DC24C0F3-1BCD-48C3-88AD-3AA84EB4333E}"
EndProject
Global
	GlobalSection(SolutionConfigurationPlatforms) = preSolution
		Debug|Win32 = Debug|Win32
		Release|Win32 = Release|Win32
	EndGlobalSection
	GlobalSection(ProjectConfigurationPlatforms) = postSolution
		{28B3A1B0-4640-4707-9F6F-E326C6B18199}.Debug|Win32.ActiveCfg = Debug|Win32
		{28B3A1B0-4640-4707-9F6F-E326C6B18199}.Debug|Win32.Build.0 = Debug|Win32
		{28B3A1B0-4640-4707-9F6F-E326C6B18199}.Release|Win32.ActiveCfg = Release|Win32
		{28B3A1B0-4640-4707-9F6F-E326C6B18199}.Release|Win32.Build.0 = Release|Win32
		{3CD0723B-34DE-4591-9252-74606FC3CE5C}.Debug|Win32.ActiveCfg = Debug|Win32
		{3CD0723B-34DE-4591-9252-74606FC3CE5C}.Debug|Win32.Build.0 = Debug|Win32
		{3CD0723B-34DE-4591-9252-74606FC3CE5C}.Release|Win32.ActiveCfg = Release|Win32
		{3CD0723B-34DE-4591-9252-74606FC3CE5C}.Release|Win32.Build.0 = Release|Win32
		{994C58BD-9E62-4403-9ABF-5729C5D8BA97}.Debug|Win32.ActiveCfg = Debug|Win32
		{994C58BD-9E62-4403-9ABF-5729C5D8BA97}.Debug|Win32.Build.0 = Debug|Win32
		{994C58BD-9E62-4403-9ABF-5729C5D8BA97}.Release|Win32.ActiveCfg = Release|Win32
		{994C58BD-9E62-4403-9ABF-5729C5D8BA97}.Release|Win32.Build.0 = Release|Win32
		{F46BFC96-B12F-40DF-8F4F-BA3068168BDC}.Debug|Win32.ActiveCfg = Debug|Win32
		{F46BFC96-B12F-40DF-8F4F-BA3068168BDC}.Debug|Win32.Build.0 = Debug|Win32
		{F46BFC96-B12F-40DF-8F4F-BA3068168BDC}.Release|Win32.ActiveCfg = Release|Win32
		{F46BFC96-B12F-40DF-8F4F-BA3068168BDC}.Release|Win32.Build.0 = Release|Win32
		{058E8870-4464-4FF2-98FC-4E24053402F5}.Debug|Win32.ActiveCfg = Debug|Win32
		{058E8870-4464-4FF2-98FC-4E24053402F5}.Debug|Win32.Build.0 = Debug|Win32
		{058E8870-4464-4FF2-98FC-4E24053402F5}.Release|Win32.ActiveCfg = Release|Win32
		{058E8870-4464-4FF2-98FC-4E24053402F5}.Release|Win32.Build.0 = Release|Win32
		{DC24C0F3-1BCD-48C3-88AD-3AA84EB4333E}.Debug|Win32.ActiveCfg = Debug|Win32
		{DC24C0F3-1BCD-48C3-88AD-3AA84EB4333E}.Debug|Win32.Build.0 = Debug|Win32
		{DC24C0F3-1BCD-48C3-88AD-3AA84EB4333E}.Release|Win32.ActiveCfg = Release|Win32
		{DC24C0F3-1BCD-48C3-88AD-3AA84EB4333E}.Release|Win32.Build.0 = Release|Win32
	EndGlobalSection
	GlobalSection(SolutionProperties) = preSolution
		HideSolutionNode = FALSE
	EndGlobalSection
EndGlobal
