
Microsoft Visual Studio Solution File, Format Version 12.00
# Visual Studio 2013
VisualStudioVersion = 12.0.21005.1
MinimumVisualStudioVersion = 10.0.40219.1
Project("{8BC9CEB8-8B4A-11D0-8D11-00A0C91BC942}") = "DevGame", "DevGame.vcxproj", "{40222032-B276-4982-B260-6E9CE6D245ED}"
	ProjectSection(ProjectDependencies) = postProject
		{76433D1F-30C2-4760-B3B0-4BED67DFDC7A} = {76433D1F-30C2-4760-B3B0-4BED67DFDC7A}
		{3CD0723B-34DE-4591-9252-74606FC3CE5C} = {3CD0723B-34DE-4591-9252-74606FC3CE5C}
		{31054F80-42C0-44B5-9365-E5D5EC87B10F} = {31054F80-42C0-44B5-9365-E5D5EC87B10F}
		{8E34DE86-881F-4EFA-8E38-09E64F018C8D} = {8E34DE86-881F-4EFA-8E38-09E64F018C8D}
		{3496DF86-262C-4559-8312-81F10083E8EF} = {3496DF86-262C-4559-8312-81F10083E8EF}
		{F46BFC96-B12F-40DF-8F4F-BA3068168BDC} = {F46BFC96-B12F-40DF-8F4F-BA3068168BDC}
		{994C58BD-9E62-4403-9ABF-5729C5D8BA97} = {994C58BD-9E62-4403-9ABF-5729C5D8BA97}
		{300BC9F5-286E-4B18-BCF1-5BF4EE96F407} = {300BC9F5-286E-4B18-BCF1-5BF4EE96F407}
	EndProjectSection
EndProject
Project("{8BC9CEB8-8B4A-11D0-8D11-00A0C91BC942}") = "ATHRenderer", "..\engine\ATHRenderer\ATHRenderer.vcxproj", "{994C58BD-9E62-4403-9ABF-5729C5D8BA97}"
	ProjectSection(ProjectDependencies) = postProject
		{3CD0723B-34DE-4591-9252-74606FC3CE5C} = {3CD0723B-34DE-4591-9252-74606FC3CE5C}
		{F46BFC96-B12F-40DF-8F4F-BA3068168BDC} = {F46BFC96-B12F-40DF-8F4F-BA3068168BDC}
	EndProjectSection
EndProject
Project("{8BC9CEB8-8B4A-11D0-8D11-00A0C91BC942}") = "ATHUtil", "..\engine\ATHUtil\ATHUtil.vcxproj", "{3CD0723B-34DE-4591-9252-74606FC3CE5C}"
EndProject
Project("{8BC9CEB8-8B4A-11D0-8D11-00A0C91BC942}") = "Box2D", "..\engine\Box2D\Box2D.vcxproj", "{F46BFC96-B12F-40DF-8F4F-BA3068168BDC}"
EndProject
Project("{8BC9CEB8-8B4A-11D0-8D11-00A0C91BC942}") = "ATHScriptManager", "..\engine\ATHScriptManager\ATHScriptManager.vcxproj", "{8E34DE86-881F-4EFA-8E38-09E64F018C8D}"
EndProject
Project("{8BC9CEB8-8B4A-11D0-8D11-00A0C91BC942}") = "ATHInputManager", "..\engine\ATHInputManager\ATHInputManager.vcxproj", "{31054F80-42C0-44B5-9365-E5D5EC87B10F}"
EndProject
Project("{8BC9CEB8-8B4A-11D0-8D11-00A0C91BC942}") = "ATHEventSystem", "..\engine\ATHEventSystem\ATHEventSystem.vcxproj", "{76433D1F-30C2-4760-B3B0-4BED67DFDC7A}"
EndProject
Project("{8BC9CEB8-8B4A-11D0-8D11-00A0C91BC942}") = "ATHStackSystem", "..\engine\ATHStackSystem\ATHStackSystem.vcxproj", "{300BC9F5-286E-4B18-BCF1-5BF4EE96F407}"
EndProject
Project("{8BC9CEB8-8B4A-11D0-8D11-00A0C91BC942}") = "ATHObjectSystem", "..\engine\ATHObjectSystem\ATHObjectSystem.vcxproj", "{673F48BE-4628-4C98-BB8A-D58CC4577095}"
EndProject
Project("{8BC9CEB8-8B4A-11D0-8D11-00A0C91BC942}") = "ATHSoundSystem", "..\engine\ATHSoundSystem\ATHSoundSystem.vcxproj", "{3496DF86-262C-4559-8312-81F10083E8EF}"
EndProject
Global
	GlobalSection(SolutionConfigurationPlatforms) = preSolution
		Debug|Win32 = Debug|Win32
		Release|Win32 = Release|Win32
	EndGlobalSection
	GlobalSection(ProjectConfigurationPlatforms) = postSolution
		{40222032-B276-4982-B260-6E9CE6D245ED}.Debug|Win32.ActiveCfg = Debug|Win32
		{40222032-B276-4982-B260-6E9CE6D245ED}.Debug|Win32.Build.0 = Debug|Win32
		{40222032-B276-4982-B260-6E9CE6D245ED}.Release|Win32.ActiveCfg = Release|Win32
		{40222032-B276-4982-B260-6E9CE6D245ED}.Release|Win32.Build.0 = Release|Win32
		{994C58BD-9E62-4403-9ABF-5729C5D8BA97}.Debug|Win32.ActiveCfg = Debug|Win32
		{994C58BD-9E62-4403-9ABF-5729C5D8BA97}.Debug|Win32.Build.0 = Debug|Win32
		{994C58BD-9E62-4403-9ABF-5729C5D8BA97}.Release|Win32.ActiveCfg = Release|Win32
		{994C58BD-9E62-4403-9ABF-5729C5D8BA97}.Release|Win32.Build.0 = Release|Win32
		{3CD0723B-34DE-4591-9252-74606FC3CE5C}.Debug|Win32.ActiveCfg = Debug|Win32
		{3CD0723B-34DE-4591-9252-74606FC3CE5C}.Debug|Win32.Build.0 = Debug|Win32
		{3CD0723B-34DE-4591-9252-74606FC3CE5C}.Release|Win32.ActiveCfg = Release|Win32
		{3CD0723B-34DE-4591-9252-74606FC3CE5C}.Release|Win32.Build.0 = Release|Win32
		{F46BFC96-B12F-40DF-8F4F-BA3068168BDC}.Debug|Win32.ActiveCfg = Debug|Win32
		{F46BFC96-B12F-40DF-8F4F-BA3068168BDC}.Debug|Win32.Build.0 = Debug|Win32
		{F46BFC96-B12F-40DF-8F4F-BA3068168BDC}.Release|Win32.ActiveCfg = Release|Win32
		{F46BFC96-B12F-40DF-8F4F-BA3068168BDC}.Release|Win32.Build.0 = Release|Win32
		{8E34DE86-881F-4EFA-8E38-09E64F018C8D}.Debug|Win32.ActiveCfg = Debug|Win32
		{8E34DE86-881F-4EFA-8E38-09E64F018C8D}.Debug|Win32.Build.0 = Debug|Win32
		{8E34DE86-881F-4EFA-8E38-09E64F018C8D}.Release|Win32.ActiveCfg = Release|Win32
		{8E34DE86-881F-4EFA-8E38-09E64F018C8D}.Release|Win32.Build.0 = Release|Win32
		{31054F80-42C0-44B5-9365-E5D5EC87B10F}.Debug|Win32.ActiveCfg = Debug|Win32
		{31054F80-42C0-44B5-9365-E5D5EC87B10F}.Debug|Win32.Build.0 = Debug|Win32
		{31054F80-42C0-44B5-9365-E5D5EC87B10F}.Release|Win32.ActiveCfg = Release|Win32
		{31054F80-42C0-44B5-9365-E5D5EC87B10F}.Release|Win32.Build.0 = Release|Win32
		{76433D1F-30C2-4760-B3B0-4BED67DFDC7A}.Debug|Win32.ActiveCfg = Debug|Win32
		{76433D1F-30C2-4760-B3B0-4BED67DFDC7A}.Debug|Win32.Build.0 = Debug|Win32
		{76433D1F-30C2-4760-B3B0-4BED67DFDC7A}.Release|Win32.ActiveCfg = Release|Win32
		{76433D1F-30C2-4760-B3B0-4BED67DFDC7A}.Release|Win32.Build.0 = Release|Win32
		{300BC9F5-286E-4B18-BCF1-5BF4EE96F407}.Debug|Win32.ActiveCfg = Debug|Win32
		{300BC9F5-286E-4B18-BCF1-5BF4EE96F407}.Debug|Win32.Build.0 = Debug|Win32
		{300BC9F5-286E-4B18-BCF1-5BF4EE96F407}.Release|Win32.ActiveCfg = Release|Win32
		{300BC9F5-286E-4B18-BCF1-5BF4EE96F407}.Release|Win32.Build.0 = Release|Win32
		{673F48BE-4628-4C98-BB8A-D58CC4577095}.Debug|Win32.ActiveCfg = Debug|Win32
		{673F48BE-4628-4C98-BB8A-D58CC4577095}.Debug|Win32.Build.0 = Debug|Win32
		{673F48BE-4628-4C98-BB8A-D58CC4577095}.Release|Win32.ActiveCfg = Release|Win32
		{673F48BE-4628-4C98-BB8A-D58CC4577095}.Release|Win32.Build.0 = Release|Win32
		{3496DF86-262C-4559-8312-81F10083E8EF}.Debug|Win32.ActiveCfg = Debug|Win32
		{3496DF86-262C-4559-8312-81F10083E8EF}.Debug|Win32.Build.0 = Debug|Win32
		{3496DF86-262C-4559-8312-81F10083E8EF}.Release|Win32.ActiveCfg = Release|Win32
		{3496DF86-262C-4559-8312-81F10083E8EF}.Release|Win32.Build.0 = Release|Win32
	EndGlobalSection
	GlobalSection(SolutionProperties) = preSolution
		HideSolutionNode = FALSE
	EndGlobalSection
EndGlobal
